
Microsoft Visual Studio Solution File, Format Version 12.00
# Visual Studio Version 16
VisualStudioVersion = 16.0.30204.135
MinimumVisualStudioVersion = 10.0.40219.1
Project("{FAE04EC0-301F-11D3-BF4B-00C04F79EFBC}") = "cicli", "cicli.csproj", "{1D63B07E-C8B3-4949-8E48-FD19470F3789}"
EndProject
Global
	GlobalSection(SolutionConfigurationPlatforms) = preSolution
		Debug|Any CPU = Debug|Any CPU
		Release|Any CPU = Release|Any CPU
	EndGlobalSection
	GlobalSection(ProjectConfigurationPlatforms) = postSolution
		{1D63B07E-C8B3-4949-8E48-FD19470F3789}.Debug|Any CPU.ActiveCfg = Debug|Any CPU
		{1D63B07E-C8B3-4949-8E48-FD19470F3789}.Debug|Any CPU.Build.0 = Debug|Any CPU
		{1D63B07E-C8B3-4949-8E48-FD19470F3789}.Release|Any CPU.ActiveCfg = Release|Any CPU
		{1D63B07E-C8B3-4949-8E48-FD19470F3789}.Release|Any CPU.Build.0 = Release|Any CPU
	EndGlobalSection
	GlobalSection(SolutionProperties) = preSolution
		HideSolutionNode = FALSE
	EndGlobalSection
	GlobalSection(ExtensibilityGlobals) = postSolution
		SolutionGuid = {0F1D831F-FA80-49FB-8861-28B9C5AB2EB3}
	EndGlobalSection
EndGlobal
