
Microsoft Visual Studio Solution File, Format Version 12.00
# Visual Studio Version 16
VisualStudioVersion = 16.0.30204.135
MinimumVisualStudioVersion = 10.0.40219.1
Project("{FAE04EC0-301F-11D3-BF4B-00C04F79EFBC}") = "metodi statici", "metodi statici.csproj", "{4E94D10E-B6B4-4B74-A6B6-692A6323856C}"
EndProject
Global
	GlobalSection(SolutionConfigurationPlatforms) = preSolution
		Debug|Any CPU = Debug|Any CPU
		Release|Any CPU = Release|Any CPU
	EndGlobalSection
	GlobalSection(ProjectConfigurationPlatforms) = postSolution
		{4E94D10E-B6B4-4B74-A6B6-692A6323856C}.Debug|Any CPU.ActiveCfg = Debug|Any CPU
		{4E94D10E-B6B4-4B74-A6B6-692A6323856C}.Debug|Any CPU.Build.0 = Debug|Any CPU
		{4E94D10E-B6B4-4B74-A6B6-692A6323856C}.Release|Any CPU.ActiveCfg = Release|Any CPU
		{4E94D10E-B6B4-4B74-A6B6-692A6323856C}.Release|Any CPU.Build.0 = Release|Any CPU
	EndGlobalSection
	GlobalSection(SolutionProperties) = preSolution
		HideSolutionNode = FALSE
	EndGlobalSection
	GlobalSection(ExtensibilityGlobals) = postSolution
		SolutionGuid = {5E89076A-4454-49B3-A6DB-5D4DA4E7AD0E}
	EndGlobalSection
EndGlobal
