
Microsoft Visual Studio Solution File, Format Version 12.00
# Visual Studio Version 16
VisualStudioVersion = 16.0.30204.135
MinimumVisualStudioVersion = 10.0.40219.1
Project("{FAE04EC0-301F-11D3-BF4B-00C04F79EFBC}") = "enumerazione", "enumerazione.csproj", "{47BBDD73-8D94-4A69-8769-8E1D42BF4FBB}"
EndProject
Global
	GlobalSection(SolutionConfigurationPlatforms) = preSolution
		Debug|Any CPU = Debug|Any CPU
		Release|Any CPU = Release|Any CPU
	EndGlobalSection
	GlobalSection(ProjectConfigurationPlatforms) = postSolution
		{47BBDD73-8D94-4A69-8769-8E1D42BF4FBB}.Debug|Any CPU.ActiveCfg = Debug|Any CPU
		{47BBDD73-8D94-4A69-8769-8E1D42BF4FBB}.Debug|Any CPU.Build.0 = Debug|Any CPU
		{47BBDD73-8D94-4A69-8769-8E1D42BF4FBB}.Release|Any CPU.ActiveCfg = Release|Any CPU
		{47BBDD73-8D94-4A69-8769-8E1D42BF4FBB}.Release|Any CPU.Build.0 = Release|Any CPU
	EndGlobalSection
	GlobalSection(SolutionProperties) = preSolution
		HideSolutionNode = FALSE
	EndGlobalSection
	GlobalSection(ExtensibilityGlobals) = postSolution
		SolutionGuid = {3DB12DD5-EC49-4DC9-B790-6D9665C16C1F}
	EndGlobalSection
EndGlobal
