
Microsoft Visual Studio Solution File, Format Version 12.00
# Visual Studio Version 16
VisualStudioVersion = 16.0.30204.135
MinimumVisualStudioVersion = 10.0.40219.1
Project("{FAE04EC0-301F-11D3-BF4B-00C04F79EFBC}") = "reference out e overload dei metodi", "reference out e overload dei metodi.csproj", "{F12CA6AB-BC19-4F6E-9F11-5F1252423359}"
EndProject
Global
	GlobalSection(SolutionConfigurationPlatforms) = preSolution
		Debug|Any CPU = Debug|Any CPU
		Release|Any CPU = Release|Any CPU
	EndGlobalSection
	GlobalSection(ProjectConfigurationPlatforms) = postSolution
		{F12CA6AB-BC19-4F6E-9F11-5F1252423359}.Debug|Any CPU.ActiveCfg = Debug|Any CPU
		{F12CA6AB-BC19-4F6E-9F11-5F1252423359}.Debug|Any CPU.Build.0 = Debug|Any CPU
		{F12CA6AB-BC19-4F6E-9F11-5F1252423359}.Release|Any CPU.ActiveCfg = Release|Any CPU
		{F12CA6AB-BC19-4F6E-9F11-5F1252423359}.Release|Any CPU.Build.0 = Release|Any CPU
	EndGlobalSection
	GlobalSection(SolutionProperties) = preSolution
		HideSolutionNode = FALSE
	EndGlobalSection
	GlobalSection(ExtensibilityGlobals) = postSolution
		SolutionGuid = {D4D60989-3D65-4F08-9DD6-5E9D1624F542}
	EndGlobalSection
EndGlobal
