
Microsoft Visual Studio Solution File, Format Version 12.00
# Visual Studio Version 16
VisualStudioVersion = 16.0.30204.135
MinimumVisualStudioVersion = 10.0.40219.1
Project("{FAE04EC0-301F-11D3-BF4B-00C04F79EFBC}") = "tipi di int", "tipi di int.csproj", "{42250B68-4EA8-4F4A-A89F-08D45FA6FBC2}"
EndProject
Global
	GlobalSection(SolutionConfigurationPlatforms) = preSolution
		Debug|Any CPU = Debug|Any CPU
		Release|Any CPU = Release|Any CPU
	EndGlobalSection
	GlobalSection(ProjectConfigurationPlatforms) = postSolution
		{42250B68-4EA8-4F4A-A89F-08D45FA6FBC2}.Debug|Any CPU.ActiveCfg = Debug|Any CPU
		{42250B68-4EA8-4F4A-A89F-08D45FA6FBC2}.Debug|Any CPU.Build.0 = Debug|Any CPU
		{42250B68-4EA8-4F4A-A89F-08D45FA6FBC2}.Release|Any CPU.ActiveCfg = Release|Any CPU
		{42250B68-4EA8-4F4A-A89F-08D45FA6FBC2}.Release|Any CPU.Build.0 = Release|Any CPU
	EndGlobalSection
	GlobalSection(SolutionProperties) = preSolution
		HideSolutionNode = FALSE
	EndGlobalSection
	GlobalSection(ExtensibilityGlobals) = postSolution
		SolutionGuid = {703BDE8E-13BF-465D-989F-57F674498568}
	EndGlobalSection
EndGlobal
