
Microsoft Visual Studio Solution File, Format Version 12.00
# Visual Studio Version 16
VisualStudioVersion = 16.0.30204.135
MinimumVisualStudioVersion = 10.0.40219.1
Project("{FAE04EC0-301F-11D3-BF4B-00C04F79EFBC}") = "matematica automatica", "matematica automatica.csproj", "{BBE1CB9B-0E67-48BC-A08E-F0BA23ED9567}"
EndProject
Global
	GlobalSection(SolutionConfigurationPlatforms) = preSolution
		Debug|Any CPU = Debug|Any CPU
		Release|Any CPU = Release|Any CPU
	EndGlobalSection
	GlobalSection(ProjectConfigurationPlatforms) = postSolution
		{BBE1CB9B-0E67-48BC-A08E-F0BA23ED9567}.Debug|Any CPU.ActiveCfg = Debug|Any CPU
		{BBE1CB9B-0E67-48BC-A08E-F0BA23ED9567}.Debug|Any CPU.Build.0 = Debug|Any CPU
		{BBE1CB9B-0E67-48BC-A08E-F0BA23ED9567}.Release|Any CPU.ActiveCfg = Release|Any CPU
		{BBE1CB9B-0E67-48BC-A08E-F0BA23ED9567}.Release|Any CPU.Build.0 = Release|Any CPU
	EndGlobalSection
	GlobalSection(SolutionProperties) = preSolution
		HideSolutionNode = FALSE
	EndGlobalSection
	GlobalSection(ExtensibilityGlobals) = postSolution
		SolutionGuid = {E4815294-C279-4AAA-BDA6-6F5900F285F6}
	EndGlobalSection
EndGlobal
